
Microsoft Visual Studio Solution File, Format Version 12.00
# Visual Studio 15
VisualStudioVersion = 15.0.28307.421
MinimumVisualStudioVersion = 10.0.40219.1
Project("{FAE04EC0-301F-11D3-BF4B-00C04F79EFBC}") = "Car_Insurance_MVC", "Car_Insurance_MVC\Car_Insurance_MVC.csproj", "{0E7C9067-DF79-4FE8-B564-FE2A933E61E5}"
EndProject
Global
	GlobalSection(SolutionConfigurationPlatforms) = preSolution
		Debug|Any CPU = Debug|Any CPU
		Release|Any CPU = Release|Any CPU
	EndGlobalSection
	GlobalSection(ProjectConfigurationPlatforms) = postSolution
		{0E7C9067-DF79-4FE8-B564-FE2A933E61E5}.Debug|Any CPU.ActiveCfg = Debug|Any CPU
		{0E7C9067-DF79-4FE8-B564-FE2A933E61E5}.Debug|Any CPU.Build.0 = Debug|Any CPU
		{0E7C9067-DF79-4FE8-B564-FE2A933E61E5}.Release|Any CPU.ActiveCfg = Release|Any CPU
		{0E7C9067-DF79-4FE8-B564-FE2A933E61E5}.Release|Any CPU.Build.0 = Release|Any CPU
	EndGlobalSection
	GlobalSection(SolutionProperties) = preSolution
		HideSolutionNode = FALSE
	EndGlobalSection
	GlobalSection(ExtensibilityGlobals) = postSolution
		SolutionGuid = {E0BA0EA3-1F22-4D64-9BAE-93147A2B7DB8}
	EndGlobalSection
EndGlobal
